# THIS IS AN AUTOGENERATED FILE. DO NOT EDIT THIS FILE DIRECTLY.
# yarn lockfile v1


"@babel/runtime@7.9.6":
  version "7.9.6"
  resolved "https://registry.yarnpkg.com/@babel/runtime/-/runtime-7.9.6.tgz#a9102eb5cadedf3f31d08a9ecf294af7827ea29f"
  integrity sha512-64AF1xY3OAkFHqOb9s4jpgk1Mm5vDZ4L3acHvAml+53nO1XbXLuDodsVpO4OIUsmemlUHMxNdYMNJmsvOwLrvQ==
  dependencies:
    regenerator-runtime "^0.13.4"

"@babel/runtime@^7.5.5", "@babel/runtime@^7.6.2", "@babel/runtime@^7.7.6", "@babel/runtime@^7.8.7":
  version "7.18.9"
  resolved "https://registry.yarnpkg.com/@babel/runtime/-/runtime-7.18.9.tgz#b4fcfce55db3d2e5e080d2490f608a3b9f407f4a"
  integrity sha512-lkqXDcvlFT5rvEjiu6+QYO+1GXrEHRo2LOtS7E4GtX5ESIZOgepqsZBVIj6Pv+a6zqsya9VCgiK1KAK4BvJDAw==
  dependencies:
    regenerator-runtime "^0.13.4"

"@formatjs/ecma402-abstract@1.11.8":
  version "1.11.8"
  resolved "https://registry.yarnpkg.com/@formatjs/ecma402-abstract/-/ecma402-abstract-1.11.8.tgz#f4015dfb6a837369d94c6ba82455c609e45bce20"
  integrity sha512-fgLqyWlwmTEuqV/TSLEL/t9JOmHNLFvCdgzXB0jc2w+WOItPCOJ1T0eyN6fQBQKRPfSqqNlu+kWj7ijcOVTVVQ==
  dependencies:
    "@formatjs/intl-localematcher" "0.2.28"
    tslib "2.4.0"

"@formatjs/fast-memoize@1.2.4":
  version "1.2.4"
  resolved "https://registry.yarnpkg.com/@formatjs/fast-memoize/-/fast-memoize-1.2.4.tgz#4b5ddce9eb7803ff0bd4052387672151a8b7f8a0"
  integrity sha512-9ARYoLR8AEzXvj2nYrOVHY/h1dDMDWGTnKDLXSISF1uoPakSmfcZuSqjiqZX2wRkEUimPxdwTu/agyozBtZRHA==
  dependencies:
    tslib "2.4.0"

"@formatjs/icu-messageformat-parser@2.1.4":
  version "2.1.4"
  resolved "https://registry.yarnpkg.com/@formatjs/icu-messageformat-parser/-/icu-messageformat-parser-2.1.4.tgz#f1e32b9937f151c1dd5c30536ce3e920b7f23813"
  integrity sha512-3PqMvKWV1oyok0BuiXUAHIaotdhdTJw6OICqCZbfUgKT+ZRwRWO4IlCgvXJeCITaKS5p+PY0XXKjf/vUyIpWjQ==
  dependencies:
    "@formatjs/ecma402-abstract" "1.11.8"
    "@formatjs/icu-skeleton-parser" "1.3.10"
    tslib "2.4.0"

"@formatjs/icu-skeleton-parser@1.3.10":
  version "1.3.10"
  resolved "https://registry.yarnpkg.com/@formatjs/icu-skeleton-parser/-/icu-skeleton-parser-1.3.10.tgz#2f504e56ac80137ee2baad55c7fa0b5dc7f4e4df"
  integrity sha512-kXJmtLDqFF5aLTf8IxdJXnhrIX1Qb4Qp3a9jqRecGDYfzOa9hMhi9U0nKyhrJJ4cXxBzptcgb+LWkyeHL6nlBQ==
  dependencies:
    "@formatjs/ecma402-abstract" "1.11.8"
    tslib "2.4.0"

"@formatjs/intl-localematcher@0.2.28":
  version "0.2.28"
  resolved "https://registry.yarnpkg.com/@formatjs/intl-localematcher/-/intl-localematcher-0.2.28.tgz#412ea7fefbfc7ed33cd6b43aa304fc14d816e564"
  integrity sha512-FLsc6Gifs1np/8HnCn/7Q+lHMmenrD5fuDhRT82yj0gi9O19kfaFwjQUw1gZsyILuRyT93GuzdifHj7TKRhBcw==
  dependencies:
    tslib "2.4.0"

"@internationalized/date@3.0.0-rc.1":
  version "3.0.0-rc.1"
  resolved "https://registry.yarnpkg.com/@internationalized/date/-/date-3.0.0-rc.1.tgz#828f79517249ac65982ec760205089a98ec56555"
  integrity sha512-IHc1NqUTA/fo9nf0pwRXrMjrabJ/9vTw5RIFAF3qS8JsdEGnw3dIyDb/+ipjEEqZyHVHHXwnqD8hKM18gGoWTg==
  dependencies:
    "@babel/runtime" "^7.6.2"

"@internationalized/date@^3.0.1":
  version "3.0.1"
  resolved "https://registry.yarnpkg.com/@internationalized/date/-/date-3.0.1.tgz#66332e9ca8f59b7be010ca65d946bca430ba4b66"
  integrity sha512-E/3lASs4mAeJ2Z2ye6ab7eUD0bPUfTeNVTAv6IS+ne9UtMu9Uepb9A1U2Ae0hDr6WAlBuvUtrakaxEdYB9TV6Q==
  dependencies:
    "@babel/runtime" "^7.6.2"

"@internationalized/message@^3.0.7", "@internationalized/message@^3.0.9":
  version "3.0.9"
  resolved "https://registry.yarnpkg.com/@internationalized/message/-/message-3.0.9.tgz#52bc20debe5296375d66ffcf56c3df5d8118a37d"
  integrity sha512-yHQggKWUuSvj1GznVtie4tcYq+xMrkd/lTKCFHp6gG18KbIliDw+UI7sL9+yJPGuWiR083xuLyyhzqiPbNOEww==
  dependencies:
    "@babel/runtime" "^7.6.2"
    intl-messageformat "^10.1.0"

"@internationalized/number@^3.1.1":
  version "3.1.1"
  resolved "https://registry.yarnpkg.com/@internationalized/number/-/number-3.1.1.tgz#160584316741de4381689ab759001603ee17b595"
  integrity sha512-dBxCQKIxvsZvW2IBt3KsqrCfaw2nV6o6a8xsloJn/hjW0ayeyhKuiiMtTwW3/WGNPP7ZRyDbtuiUEjMwif1ENQ==
  dependencies:
    "@babel/runtime" "^7.6.2"

"@internationalized/string@^3.0.0":
  version "3.0.0"
  resolved "https://registry.yarnpkg.com/@internationalized/string/-/string-3.0.0.tgz#de563871e1b19e4d0ce3246ec18d25da1a73db73"
  integrity sha512-NUSr4u+mNu5BysXFeVWZW4kvjXylPkU/YYqaWzdNuz1eABfehFiZTEYhWAAMzI3U8DTxfqF9PM3zyhk5gcfz6w==
  dependencies:
    "@babel/runtime" "^7.6.2"

"@nextui-org/react@^1.0.0-beta.9":
  version "1.0.0-beta.9"
  resolved "https://registry.yarnpkg.com/@nextui-org/react/-/react-1.0.0-beta.9.tgz#e91b48abdc0f360e94e9e9784e1ac17c0c44f892"
  integrity sha512-V8SmkdcCKcPZsF2BWV2rXi2e4Q+5c8r3G1QjvIhyRdm81xicbZFMzIga0KMrccj8lshDSoa8pErxQdnzosjyTg==
  dependencies:
    "@babel/runtime" "7.9.6"
    "@react-aria/button" "3.5.0"
    "@react-aria/checkbox" "3.4.0"
    "@react-aria/dialog" "3.2.0"
    "@react-aria/focus" "3.6.0"
    "@react-aria/i18n" "3.4.0"
    "@react-aria/interactions" "3.9.0"
    "@react-aria/label" "3.3.0"
    "@react-aria/menu" "3.5.0"
    "@react-aria/overlays" "3.9.0"
    "@react-aria/radio" "3.2.0"
    "@react-aria/ssr" "3.2.0"
    "@react-aria/table" "3.3.0"
    "@react-aria/utils" "3.13.0"
    "@react-aria/visually-hidden" "3.3.0"
    "@react-stately/checkbox" "3.1.0"
    "@react-stately/data" "3.5.0"
    "@react-stately/overlays" "3.3.0"
    "@react-stately/radio" "3.4.0"
    "@react-stately/table" "3.2.0"
    "@react-stately/toggle" "3.3.0"
    "@react-stately/tree" "3.3.0"
    "@react-types/button" "^3.5.0"
    "@react-types/checkbox" "3.3.0"
    "@react-types/grid" "3.1.0"
    "@react-types/menu" "3.6.0"
    "@react-types/overlays" "3.6.0"
    "@react-types/shared" "3.13.0"
    "@stitches/react" "1.2.8"

"@react-aria/button@3.5.0":
  version "3.5.0"
  resolved "https://registry.yarnpkg.com/@react-aria/button/-/button-3.5.0.tgz#8b27d0bca98ccd6cd1999e3c21a89f907eafcfda"
  integrity sha512-S15W77YemT5g8jNHr8QpIHqT242TxpiBwzj3D0HsQFKoTEb5uXoNAIqZinDjhmbl4ovx2s7h/XevqDNEzvjAtw==
  dependencies:
    "@babel/runtime" "^7.6.2"
    "@react-aria/focus" "^3.6.0"
    "@react-aria/interactions" "^3.9.0"
    "@react-aria/utils" "^3.13.0"
    "@react-stately/toggle" "^3.3.0"
    "@react-types/button" "^3.5.0"

"@react-aria/checkbox@3.4.0":
  version "3.4.0"
  resolved "https://registry.yarnpkg.com/@react-aria/checkbox/-/checkbox-3.4.0.tgz#d6ac125c0d91c22052d14e12f153a840d4b265a6"
  integrity sha512-G1lxa7Glb0HWOjPyA4bYx8n3vAPGF7GKpZ7E4wGnMt3UQfslHavhEmtFyplt3l0f4OkhV8E/yr8SXnNb0cZDLQ==
  dependencies:
    "@babel/runtime" "^7.6.2"
    "@react-aria/label" "^3.3.0"
    "@react-aria/toggle" "^3.3.0"
    "@react-aria/utils" "^3.13.0"
    "@react-stately/checkbox" "^3.1.0"
    "@react-stately/toggle" "^3.3.0"
    "@react-types/checkbox" "^3.3.0"

"@react-aria/dialog@3.2.0":
  version "3.2.0"
  resolved "https://registry.yarnpkg.com/@react-aria/dialog/-/dialog-3.2.0.tgz#065bcf2eb2afe3bdb199580a951960a182eb317e"
  integrity sha512-ScjjfpNw9cvznuGjG+Q15U6wvLkwF++0NbE7v9PILWp1Vs3UHFyKJ7VrxUiDuG20rM3gfTYP8hi55CjwY7wbNA==
  dependencies:
    "@babel/runtime" "^7.6.2"
    "@react-aria/focus" "^3.6.0"
    "@react-aria/utils" "^3.13.0"
    "@react-stately/overlays" "^3.3.0"
    "@react-types/dialog" "^3.4.0"

"@react-aria/focus@3.6.0":
  version "3.6.0"
  resolved "https://registry.yarnpkg.com/@react-aria/focus/-/focus-3.6.0.tgz#45ff8aeaad3b594df54699ea3ea78296cb73fb5b"
  integrity sha512-1XuwDvhrmLcNnYHBFzwmZOoXuxkybRc8MUhiGLYRD1aVX1h9GarglYo9sfbGZNRO5jxMptXjtJv2rdWz1mHmQw==
  dependencies:
    "@babel/runtime" "^7.6.2"
    "@react-aria/interactions" "^3.9.0"
    "@react-aria/utils" "^3.13.0"
    "@react-types/shared" "^3.13.0"
    clsx "^1.1.1"

"@react-aria/focus@^3.6.0", "@react-aria/focus@^3.7.0":
  version "3.7.0"
  resolved "https://registry.yarnpkg.com/@react-aria/focus/-/focus-3.7.0.tgz#6a90dc99da64bd145e3eeacf3097a29a0342f709"
  integrity sha512-LydZSLBLEUklakM0Ogdk17F3f/Uwaj5Nl1mfcK8HhrroGT8A8XH0KjA9D6gM6JGHgxZemx0ufOgxhQZeBGQMQw==
  dependencies:
    "@babel/runtime" "^7.6.2"
    "@react-aria/interactions" "^3.10.0"
    "@react-aria/utils" "^3.13.2"
    "@react-types/shared" "^3.14.0"
    clsx "^1.1.1"

"@react-aria/grid@^3.3.0":
  version "3.4.0"
  resolved "https://registry.yarnpkg.com/@react-aria/grid/-/grid-3.4.0.tgz#0d8c1a07767f36b23d1e297cf47fcd5b9f178276"
  integrity sha512-izIig52FV+uRzRuenRZ8CNLoivpT5yXsN6414RXKNnyCWDfBrllUvJYndll0ngrBKTjd6tmqJM8Y3kja/7+A9A==
  dependencies:
    "@babel/runtime" "^7.6.2"
    "@react-aria/focus" "^3.7.0"
    "@react-aria/i18n" "^3.5.0"
    "@react-aria/interactions" "^3.10.0"
    "@react-aria/live-announcer" "^3.1.1"
    "@react-aria/selection" "^3.10.0"
    "@react-aria/utils" "^3.13.2"
    "@react-stately/grid" "^3.3.0"
    "@react-stately/selection" "^3.10.2"
    "@react-stately/virtualizer" "^3.2.2"
    "@react-types/checkbox" "^3.3.2"
    "@react-types/grid" "^3.1.2"
    "@react-types/shared" "^3.14.0"

"@react-aria/i18n@3.4.0":
  version "3.4.0"
  resolved "https://registry.yarnpkg.com/@react-aria/i18n/-/i18n-3.4.0.tgz#7ee8c468ce85b959ecef90e403332cbbc1ab9d01"
  integrity sha512-2pU13zT9bgD4eMlqfJ/Um2wjYRS7ORvR0jqGSfNzY9Lx+1IeSCqTkBNubT7bCV+Oc0LMUR93fGRDxfdtMyJCog==
  dependencies:
    "@babel/runtime" "^7.6.2"
    "@internationalized/date" "3.0.0-rc.1"
    "@internationalized/message" "^3.0.7"
    "@internationalized/number" "^3.1.1"
    "@react-aria/ssr" "^3.2.0"
    "@react-aria/utils" "^3.13.0"
    "@react-types/shared" "^3.13.0"

"@react-aria/i18n@^3.4.0", "@react-aria/i18n@^3.5.0":
  version "3.5.1"
  resolved "https://registry.yarnpkg.com/@react-aria/i18n/-/i18n-3.5.1.tgz#aba5e50266a3f15c195b8dc85682251af5c52211"
  integrity sha512-PtlQ/W1PXVKzCGK86MuGuCzYBwENDBjrQ2a4ux+BBQ2Dk8ZXEARSp9JaMFuOdiloXc/p4FoxCVoB+lhu4RCScg==
  dependencies:
    "@babel/runtime" "^7.6.2"
    "@internationalized/date" "^3.0.1"
    "@internationalized/message" "^3.0.9"
    "@internationalized/number" "^3.1.1"
    "@internationalized/string" "^3.0.0"
    "@react-aria/ssr" "^3.3.0"
    "@react-aria/utils" "^3.13.2"
    "@react-types/shared" "^3.14.0"

"@react-aria/interactions@3.9.0":
  version "3.9.0"
  resolved "https://registry.yarnpkg.com/@react-aria/interactions/-/interactions-3.9.0.tgz#cf15a1ba1402c2fc52d0c97aa7ccffa78204d166"
  integrity sha512-tf9vJtHf7DSnj4e/q19hoO5h61xb0qxNXUkOwaVwU1XlaA+eh+Qas2RF0GIMARLj+JhGX9y2nLjw3FK8F+pItQ==
  dependencies:
    "@babel/runtime" "^7.6.2"
    "@react-aria/utils" "^3.13.0"
    "@react-types/shared" "^3.13.0"

"@react-aria/interactions@^3.10.0", "@react-aria/interactions@^3.9.0":
  version "3.10.0"
  resolved "https://registry.yarnpkg.com/@react-aria/interactions/-/interactions-3.10.0.tgz#d60cc42c3904c1578f9c356fba4bab7003102dee"
  integrity sha512-Lp74VfF+EskT3IqK2MBMdJpJU48p60+YkMbgtoDF6LudNO8jw0nxcsvnimPriTSkZWINRpajG/9sIa0EIDcQKw==
  dependencies:
    "@babel/runtime" "^7.6.2"
    "@react-aria/utils" "^3.13.2"
    "@react-types/shared" "^3.14.0"

"@react-aria/label@3.3.0":
  version "3.3.0"
  resolved "https://registry.yarnpkg.com/@react-aria/label/-/label-3.3.0.tgz#1a687c6b70d4bca4992433c97974b41df9f4dad4"
  integrity sha512-E8vOEWv04xGasDigbNtB0JOcq5ZLyPEbbOFSa5VgB7LfXu3i+82ZSAjTA1OtZwOc6MiiXRs5BuKx5HgiZn3HHA==
  dependencies:
    "@babel/runtime" "^7.6.2"
    "@react-aria/utils" "^3.13.0"
    "@react-types/label" "^3.6.0"
    "@react-types/shared" "^3.13.0"

"@react-aria/label@^3.3.0":
  version "3.4.0"
  resolved "https://registry.yarnpkg.com/@react-aria/label/-/label-3.4.0.tgz#81bf096bd28990d54e6db1ca9294391b7ed0d064"
  integrity sha512-QqyZMuSdnH+7mkAbZbGtLU3NhSz2luNCeM+ZJPQ3ANegrdXsKwERSwD2/ERHAC5FGLqwlzXnPhRcYdvjafg/Ug==
  dependencies:
    "@babel/runtime" "^7.6.2"
    "@react-aria/utils" "^3.13.2"
    "@react-types/label" "^3.6.2"
    "@react-types/shared" "^3.14.0"

"@react-aria/live-announcer@^3.1.0", "@react-aria/live-announcer@^3.1.1":
  version "3.1.1"
  resolved "https://registry.yarnpkg.com/@react-aria/live-announcer/-/live-announcer-3.1.1.tgz#40f340f6794fca42682fb308fe750ff56bf7c07f"
  integrity sha512-e7b+dRh1SUTla42vzjdbhGYkeLD7E6wIYjYaHW9zZ37rBkSqLHUhTigh3eT3k5NxFlDD/uRxTYuwaFnWQgR+4g==
  dependencies:
    "@babel/runtime" "^7.6.2"

"@react-aria/menu@3.5.0":
  version "3.5.0"
  resolved "https://registry.yarnpkg.com/@react-aria/menu/-/menu-3.5.0.tgz#0505b8e11c27c4150454f17f6e09d7c2f186638d"
  integrity sha512-Y5L9ESVnTG2eUOmLk33oQEl5UEK/hCw50udOEqjPBgOVv4drIr8sc4ZcoB0U6IVVKbLHEskhW/ExqlJd6GSACQ==
  dependencies:
    "@babel/runtime" "^7.6.2"
    "@react-aria/i18n" "^3.4.0"
    "@react-aria/interactions" "^3.9.0"
    "@react-aria/overlays" "^3.9.0"
    "@react-aria/selection" "^3.9.0"
    "@react-aria/utils" "^3.13.0"
    "@react-stately/collections" "^3.4.0"
    "@react-stately/menu" "^3.3.0"
    "@react-stately/tree" "^3.3.0"
    "@react-types/button" "^3.5.0"
    "@react-types/menu" "^3.6.0"
    "@react-types/shared" "^3.13.0"

"@react-aria/overlays@3.9.0":
  version "3.9.0"
  resolved "https://registry.yarnpkg.com/@react-aria/overlays/-/overlays-3.9.0.tgz#950a9025e8d4086ce3840a97c52d0eb21d9c85c1"
  integrity sha512-YeZ+/0yfBAcqhuRF/Aas5ga9rZWff3EkhisEy1yXjOrf5veedqb05CsyjRkefZzmUeUggfq/AmqX0DJBlZFbxg==
  dependencies:
    "@babel/runtime" "^7.6.2"
    "@react-aria/i18n" "^3.4.0"
    "@react-aria/interactions" "^3.9.0"
    "@react-aria/utils" "^3.13.0"
    "@react-aria/visually-hidden" "^3.3.0"
    "@react-stately/overlays" "^3.3.0"
    "@react-types/button" "^3.5.0"
    "@react-types/overlays" "^3.6.0"
    "@react-types/shared" "^3.13.0"
    dom-helpers "^5.2.1"
    react-transition-group "^4.4.2"

"@react-aria/overlays@^3.9.0":
  version "3.10.0"
  resolved "https://registry.yarnpkg.com/@react-aria/overlays/-/overlays-3.10.0.tgz#e702961d178992b9c25db808edd1646efa1d00ec"
  integrity sha512-A7aI59/o4tUAISjyyRfJz3833SLe4ZKPNoxOVUzgjfkfnCKq7YDSSEC5poxDqYD9bq/NBXK6stdgaGLXQSirNw==
  dependencies:
    "@babel/runtime" "^7.6.2"
    "@react-aria/i18n" "^3.5.0"
    "@react-aria/interactions" "^3.10.0"
    "@react-aria/ssr" "^3.3.0"
    "@react-aria/utils" "^3.13.2"
    "@react-aria/visually-hidden" "^3.4.0"
    "@react-stately/overlays" "^3.4.0"
    "@react-types/button" "^3.6.0"
    "@react-types/overlays" "^3.6.2"
    "@react-types/shared" "^3.14.0"

"@react-aria/radio@3.2.0":
  version "3.2.0"
  resolved "https://registry.yarnpkg.com/@react-aria/radio/-/radio-3.2.0.tgz#f7f900ba78b160b09162f0c833bcebd3c3222eb0"
  integrity sha512-siJmgPckrc29W7dt1g9P2w6wNHMIVKaBSJfP3uQ3qTJcDdTF4sTcK+cre+2peuWrHJiYOCQW1mrRYqfgARDUaA==
  dependencies:
    "@babel/runtime" "^7.6.2"
    "@react-aria/focus" "^3.6.0"
    "@react-aria/i18n" "^3.4.0"
    "@react-aria/interactions" "^3.9.0"
    "@react-aria/label" "^3.3.0"
    "@react-aria/utils" "^3.13.0"
    "@react-stately/radio" "^3.4.0"
    "@react-types/radio" "^3.2.0"

"@react-aria/selection@^3.10.0", "@react-aria/selection@^3.9.0":
  version "3.10.0"
  resolved "https://registry.yarnpkg.com/@react-aria/selection/-/selection-3.10.0.tgz#c7c0441d9b496df6567af1c4462e4a80f97ea359"
  integrity sha512-VvFgNRrM0kK6aqyMTeTN+pguyvYN9Wu3viftnZyk89uo2+9hfmU7DLhz5kXkdJY9UNzn033jYGwJdWEuqRq65g==
  dependencies:
    "@babel/runtime" "^7.6.2"
    "@react-aria/focus" "^3.7.0"
    "@react-aria/i18n" "^3.5.0"
    "@react-aria/interactions" "^3.10.0"
    "@react-aria/utils" "^3.13.2"
    "@react-stately/collections" "^3.4.2"
    "@react-stately/selection" "^3.10.2"
    "@react-types/shared" "^3.14.0"

"@react-aria/ssr@3.2.0":
  version "3.2.0"
  resolved "https://registry.yarnpkg.com/@react-aria/ssr/-/ssr-3.2.0.tgz#88460384b43204f91c972d5b0de24ee44d6a2984"
  integrity sha512-wwJFdkl+Q8NU5yJ4NvdAOqx5LM3QtUVoSjuK7Ey8jZ4WS4bB0EqT3Kr3IInBs257HzZ5nXCiKXKE4NGXXuIRWA==
  dependencies:
    "@babel/runtime" "^7.6.2"

"@react-aria/ssr@^3.2.0", "@react-aria/ssr@^3.3.0":
  version "3.3.0"
  resolved "https://registry.yarnpkg.com/@react-aria/ssr/-/ssr-3.3.0.tgz#25e81daf0c7a270a4a891159d8d984578e4512d8"
  integrity sha512-yNqUDuOVZIUGP81R87BJVi/ZUZp/nYOBXbPsRe7oltJOfErQZD+UezMpw4vM2KRz18cURffvmC8tJ6JTeyDtaQ==
  dependencies:
    "@babel/runtime" "^7.6.2"

"@react-aria/table@3.3.0":
  version "3.3.0"
  resolved "https://registry.yarnpkg.com/@react-aria/table/-/table-3.3.0.tgz#48869c2fdbf63c5f04f2b4406c4f1b0f631b031f"
  integrity sha512-OYKO0qd/oWYhtbStGByyaRxvz3MSFY+8yIhp5ibr/3fBQw6PuCXAUMJGhhHj+boFVx0Qx+LUWtDk0LOPt5aA0w==
  dependencies:
    "@babel/runtime" "^7.6.2"
    "@react-aria/focus" "^3.6.0"
    "@react-aria/grid" "^3.3.0"
    "@react-aria/i18n" "^3.4.0"
    "@react-aria/interactions" "^3.9.0"
    "@react-aria/live-announcer" "^3.1.0"
    "@react-aria/selection" "^3.9.0"
    "@react-aria/utils" "^3.13.0"
    "@react-stately/table" "^3.2.0"
    "@react-stately/virtualizer" "^3.2.0"
    "@react-types/checkbox" "^3.3.0"
    "@react-types/grid" "^3.1.0"
    "@react-types/shared" "^3.13.0"
    "@react-types/table" "^3.2.0"

"@react-aria/toggle@^3.3.0":
  version "3.3.2"
  resolved "https://registry.yarnpkg.com/@react-aria/toggle/-/toggle-3.3.2.tgz#b66400c1653c1a82d1cc6b116775e028cddfb3cb"
  integrity sha512-U+npP5XtNBs+e5T1UZDw5UhG8PJwnx+p68+GTY20UMVCTHtuNyjzjmI9nI3b9oVGcJ3ZKfvQAWq2uOqBjF/W3A==
  dependencies:
    "@babel/runtime" "^7.6.2"
    "@react-aria/focus" "^3.7.0"
    "@react-aria/interactions" "^3.10.0"
    "@react-aria/utils" "^3.13.2"
    "@react-stately/toggle" "^3.4.0"
    "@react-types/checkbox" "^3.3.2"
    "@react-types/shared" "^3.14.0"
    "@react-types/switch" "^3.2.2"

"@react-aria/utils@3.13.0":
  version "3.13.0"
  resolved "https://registry.yarnpkg.com/@react-aria/utils/-/utils-3.13.0.tgz#a9523a9d4b19839601753749b65e19ac0ad5ca86"
  integrity sha512-iF/yYkUVCc2Cgyu7o8oE6w7a67P/M8gXKDR2tp592Be6iUKQPy2kb49VvSh+Bom6Wq/To3h4UBOLFI6I0VXJYA==
  dependencies:
    "@babel/runtime" "^7.6.2"
    "@react-aria/ssr" "^3.2.0"
    "@react-stately/utils" "^3.5.0"
    "@react-types/shared" "^3.13.0"
    clsx "^1.1.1"

"@react-aria/utils@^3.13.0", "@react-aria/utils@^3.13.2":
  version "3.13.2"
  resolved "https://registry.yarnpkg.com/@react-aria/utils/-/utils-3.13.2.tgz#c28bc96e940a8a84c3e69a19f483c9f060584580"
  integrity sha512-VTI8tv9m/BxE/lPTNCZN1fcHuY540xm+HT1vg2ZQCryudUWvzQkHi+h0z32DhiGHhvRFIGdH/enf3psip7ZLTQ==
  dependencies:
    "@babel/runtime" "^7.6.2"
    "@react-aria/ssr" "^3.3.0"
    "@react-stately/utils" "^3.5.1"
    "@react-types/shared" "^3.14.0"
    clsx "^1.1.1"

"@react-aria/visually-hidden@3.3.0":
  version "3.3.0"
  resolved "https://registry.yarnpkg.com/@react-aria/visually-hidden/-/visually-hidden-3.3.0.tgz#2ecddb5704b9a2a68df918bb49e6f125a589ef99"
  integrity sha512-pnm4CzO/pI/2xfDMY9OcnlLqYYpaE1bIAwDdFzkXr6ldcR+4kG6N0dJprL6x+ZMgXbztfxUDSPLmexVQShmFsQ==
  dependencies:
    "@babel/runtime" "^7.6.2"
    "@react-aria/interactions" "^3.9.0"
    "@react-aria/utils" "^3.13.0"
    clsx "^1.1.1"

"@react-aria/visually-hidden@^3.3.0", "@react-aria/visually-hidden@^3.4.0":
  version "3.4.0"
  resolved "https://registry.yarnpkg.com/@react-aria/visually-hidden/-/visually-hidden-3.4.0.tgz#9422ba67296969b5eae3e8e8839ba50e8acc0990"
  integrity sha512-mRl4Vfg7F0ohf7N3RWdOQLUnXC4ApM3hsfBegsRQHDkbbrcq7MGPyCa154kIZg8Ff2cOtbgvrAlymzWmkOVZEQ==
  dependencies:
    "@babel/runtime" "^7.6.2"
    "@react-aria/interactions" "^3.10.0"
    "@react-aria/utils" "^3.13.2"
    "@react-types/shared" "^3.14.0"
    clsx "^1.1.1"

"@react-stately/checkbox@3.1.0":
  version "3.1.0"
  resolved "https://registry.yarnpkg.com/@react-stately/checkbox/-/checkbox-3.1.0.tgz#637fc0119bd567f0955cb99f9ef88810b211ea61"
  integrity sha512-K4c2etj5DCNjvNFP7PaKZxKlRwX/DmpcJzhCQX29jmZJtLsrjsVhLrVNr59NleHbHVsOifF1GwbPlVUKbL5Y0w==
  dependencies:
    "@babel/runtime" "^7.6.2"
    "@react-stately/toggle" "^3.3.0"
    "@react-stately/utils" "^3.5.0"
    "@react-types/checkbox" "^3.3.0"

"@react-stately/checkbox@^3.1.0":
  version "3.2.0"
  resolved "https://registry.yarnpkg.com/@react-stately/checkbox/-/checkbox-3.2.0.tgz#6c718441a6c1058c75c243a5712d2dc32d93392c"
  integrity sha512-nVO/asz7MTF5nLJcMMq5KgNlk4npckq+7nQvEVW6pyob5r2m7Lvd+Zhl4oKT0WtTIzg31VB6yRew1czKx/SUpA==
  dependencies:
    "@babel/runtime" "^7.6.2"
    "@react-stately/toggle" "^3.4.0"
    "@react-stately/utils" "^3.5.1"
    "@react-types/checkbox" "^3.3.2"

"@react-stately/collections@^3.4.0", "@react-stately/collections@^3.4.2":
  version "3.4.2"
  resolved "https://registry.yarnpkg.com/@react-stately/collections/-/collections-3.4.2.tgz#b8625192b8cd5abe6cc2d5371643a071dc492e44"
  integrity sha512-CmLVWtbX4r3QaTNdI6edtrRKIZRKPuxyD7TmVIaoZBdaOXStTP4wOgyPN1ELww9bvW0MoOaQBbUn5WAPrfifFw==
  dependencies:
    "@babel/runtime" "^7.6.2"
    "@react-types/shared" "^3.14.0"

"@react-stately/data@3.5.0":
  version "3.5.0"
  resolved "https://registry.yarnpkg.com/@react-stately/data/-/data-3.5.0.tgz#ff5ea799868c12f0202b95ea170db1bafcf6d2bd"
  integrity sha512-Ww/tYEg0pOY870DJ7wTSlyCJ44jlwtmRuFsd649wD8pNKrYqkExYMO/gK9mfhR5hwaaHsubKl+XgqEgqHCr97g==
  dependencies:
    "@babel/runtime" "^7.6.2"
    "@react-types/shared" "^3.13.0"

"@react-stately/grid@^3.2.0", "@react-stately/grid@^3.3.0":
  version "3.3.0"
  resolved "https://registry.yarnpkg.com/@react-stately/grid/-/grid-3.3.0.tgz#f55d6bd74b74a81d35282cd2b552ee2ae2b9bbbf"
  integrity sha512-30z4Kki5QWZvR22f3UrA18eMDOcXmQFzAq5pHbRs1LvxJAaqeAD2KzCT70MCgoA5XzyiOrvIPrKTBRf48du45w==
  dependencies:
    "@babel/runtime" "^7.6.2"
    "@react-stately/selection" "^3.10.2"
    "@react-types/grid" "^3.1.2"
    "@react-types/shared" "^3.14.0"

"@react-stately/menu@^3.3.0":
  version "3.4.0"
  resolved "https://registry.yarnpkg.com/@react-stately/menu/-/menu-3.4.0.tgz#ee535287229ab4b0561dfdca570d82180f8cc4ea"
  integrity sha512-xdNS3K0PmSjpNhH/Xnskfexxyo909Jkkfux4zhP5Ivk4Vkp0eThb6v9AIomUAo163PuOnHQFen1ZmwFEs92xMw==
  dependencies:
    "@babel/runtime" "^7.6.2"
    "@react-stately/overlays" "^3.4.0"
    "@react-stately/utils" "^3.5.1"
    "@react-types/menu" "^3.7.0"
    "@react-types/shared" "^3.14.0"

"@react-stately/overlays@3.3.0":
  version "3.3.0"
  resolved "https://registry.yarnpkg.com/@react-stately/overlays/-/overlays-3.3.0.tgz#1775807fef9f49aedfca344c6db6cc89103638da"
  integrity sha512-x8ASMyhib7mL4ITgZQXUaTGGkFPZz4qPJVThdx9i6q1iu0CpO7hXpPxzrUFKPV+JV/fyXlWbo3n7tWBE2yHTVw==
  dependencies:
    "@babel/runtime" "^7.6.2"
    "@react-stately/utils" "^3.5.0"
    "@react-types/overlays" "^3.6.0"

"@react-stately/overlays@^3.3.0", "@react-stately/overlays@^3.4.0":
  version "3.4.0"
  resolved "https://registry.yarnpkg.com/@react-stately/overlays/-/overlays-3.4.0.tgz#4023d0c7cd48363fe046e5b6084d703ac461c907"
  integrity sha512-jXVm1V91lWOKh73cFvE9W9JtAE8idSWEUtFlVrlBI/jh0ZOt148UlRVWgHrm7FhaUpyvOFNUyfidRmKMuB+hgw==
  dependencies:
    "@babel/runtime" "^7.6.2"
    "@react-stately/utils" "^3.5.1"
    "@react-types/overlays" "^3.6.2"

"@react-stately/radio@3.4.0":
  version "3.4.0"
  resolved "https://registry.yarnpkg.com/@react-stately/radio/-/radio-3.4.0.tgz#978ec2dabcb06ca7266fcdbe771fe191ffd7f0e3"
  integrity sha512-rdZbMzhVjFkN1BjhK4qZ61wddnFdkRzTPIXqpFo+iMD9x8VEn3lmOkOLIHUs0OyyMP0E/0Aje+F2ZT6/zqq6PA==
  dependencies:
    "@babel/runtime" "^7.6.2"
    "@react-stately/utils" "^3.5.0"
    "@react-types/radio" "^3.2.0"

"@react-stately/radio@^3.4.0":
  version "3.5.0"
  resolved "https://registry.yarnpkg.com/@react-stately/radio/-/radio-3.5.0.tgz#7b7d3dd4a14aaed324ea29ac2be5ca0fe1d44d79"
  integrity sha512-qn4+wa9sf3zZXSLrrR9rQpOII8BEQeAkvxyq/YhUQXBpQ8SoF5LobpGIZqp3n8G+Cxzjxd6/GON+lOFxWr0iXA==
  dependencies:
    "@babel/runtime" "^7.6.2"
    "@react-stately/utils" "^3.5.1"
    "@react-types/radio" "^3.2.2"

"@react-stately/selection@^3.10.0", "@react-stately/selection@^3.10.2":
  version "3.10.2"
  resolved "https://registry.yarnpkg.com/@react-stately/selection/-/selection-3.10.2.tgz#0871e4d7bfc5a1dc1df6ff8d6800b499b2042732"
  integrity sha512-3/iw0BpShWt5ie+YpOzi4Mpa3yKOtlKQZXEc0fZt3v3m3N3fMoCr7Ovkfuz5Svy47HIIN1Pk1WkRJC+CQ4hfDw==
  dependencies:
    "@babel/runtime" "^7.6.2"
    "@react-stately/collections" "^3.4.2"
    "@react-stately/utils" "^3.5.1"
    "@react-types/shared" "^3.14.0"

"@react-stately/table@3.2.0":
  version "3.2.0"
  resolved "https://registry.yarnpkg.com/@react-stately/table/-/table-3.2.0.tgz#862ed28b1133e8766ef48bee9fc876ff279c7418"
  integrity sha512-W4MJITIxma6PCpRX1Z9vi6F35mJiwpM+g24yVG7VK6JD9Fbiw2nIPJf5ZYo11EI2PdIJlamv/xYqYtn2kmGlWw==
  dependencies:
    "@babel/runtime" "^7.6.2"
    "@react-aria/utils" "^3.13.0"
    "@react-stately/collections" "^3.4.0"
    "@react-stately/grid" "^3.2.0"
    "@react-stately/selection" "^3.10.0"
    "@react-types/grid" "^3.1.0"
    "@react-types/shared" "^3.13.0"
    "@react-types/table" "^3.2.0"

"@react-stately/table@^3.2.0":
  version "3.3.0"
  resolved "https://registry.yarnpkg.com/@react-stately/table/-/table-3.3.0.tgz#87f2b69e323e5f805705d6a722b6ef3d6389319c"
  integrity sha512-qhZdgyD0EyePW/U/VlJCGLBNuzo2H1hQSgfRJ7+E5QVbqDwUUQ6Safz1EQ3Jhh64IcTDqxvKL3arr8THT7UKdA==
  dependencies:
    "@babel/runtime" "^7.6.2"
    "@react-stately/collections" "^3.4.2"
    "@react-stately/grid" "^3.3.0"
    "@react-stately/selection" "^3.10.2"
    "@react-types/grid" "^3.1.2"
    "@react-types/shared" "^3.14.0"
    "@react-types/table" "^3.3.0"

"@react-stately/toggle@3.3.0":
  version "3.3.0"
  resolved "https://registry.yarnpkg.com/@react-stately/toggle/-/toggle-3.3.0.tgz#9330d57f0d4ae9f2c32009851fdcde546fc2db73"
  integrity sha512-fiVT1yw9qBBWyfFviUwNR4AcdCnN7TPAX2VpuL7LO7zB1a+sOGiTz3nTnHI4837trvpsXHpCvYXTBMY6yxGEMg==
  dependencies:
    "@babel/runtime" "^7.6.2"
    "@react-stately/utils" "^3.5.0"
    "@react-types/checkbox" "^3.3.0"
    "@react-types/shared" "^3.13.0"

"@react-stately/toggle@^3.3.0", "@react-stately/toggle@^3.4.0":
  version "3.4.0"
  resolved "https://registry.yarnpkg.com/@react-stately/toggle/-/toggle-3.4.0.tgz#42bb0dc226f90eb70f9e87dcbe08df9e45324255"
  integrity sha512-7kPxR2+Aze7NmpWWOQanRsQvmz7R+Sdlu+2xi0Wh5LPFg+lkXSiGY63uM2amxZcbFb0Mhy5ExlRpF53ReZjEOA==
  dependencies:
    "@babel/runtime" "^7.6.2"
    "@react-stately/utils" "^3.5.1"
    "@react-types/checkbox" "^3.3.2"
    "@react-types/shared" "^3.14.0"

"@react-stately/tree@3.3.0":
  version "3.3.0"
  resolved "https://registry.yarnpkg.com/@react-stately/tree/-/tree-3.3.0.tgz#478ba8e0625b7b975e81b0ba5dfd378202d04f56"
  integrity sha512-Ic3QMRlrLbbnYPEbiraJdDAcrOnaLd7nJK7qG/cq7Jg7gfruqbO4XFzy+2w7I5B2BbXqFCivtCgEQZIYsgMaSw==
  dependencies:
    "@babel/runtime" "^7.6.2"
    "@react-stately/collections" "^3.4.0"
    "@react-stately/selection" "^3.10.0"
    "@react-stately/utils" "^3.5.0"
    "@react-types/shared" "^3.13.0"

"@react-stately/tree@^3.3.0":
  version "3.3.2"
  resolved "https://registry.yarnpkg.com/@react-stately/tree/-/tree-3.3.2.tgz#db1e98fa074c89cfd63b4d260de025fef285e520"
  integrity sha512-goviIXFYZvWJ2FOBQdKHfLwCaFUlhyGCsbX9GB7ziZhm0Ez8iWCzEy1IWoeuPaprBlHIPv6/3XtDi4ZQ52A59g==
  dependencies:
    "@babel/runtime" "^7.6.2"
    "@react-stately/collections" "^3.4.2"
    "@react-stately/selection" "^3.10.2"
    "@react-stately/utils" "^3.5.1"
    "@react-types/shared" "^3.14.0"

"@react-stately/utils@^3.5.0", "@react-stately/utils@^3.5.1":
  version "3.5.1"
  resolved "https://registry.yarnpkg.com/@react-stately/utils/-/utils-3.5.1.tgz#502de762e5d33e892347c5f58053674e06d3bc92"
  integrity sha512-INeQ5Er2Jm+db8Py4upKBtgfzp3UYgwXYmbU/XJn49Xw27ktuimH9e37qP3bgHaReb5L3g8IrGs38tJUpnGPHA==
  dependencies:
    "@babel/runtime" "^7.6.2"

"@react-stately/virtualizer@^3.2.0", "@react-stately/virtualizer@^3.2.2":
  version "3.2.2"
  resolved "https://registry.yarnpkg.com/@react-stately/virtualizer/-/virtualizer-3.2.2.tgz#3fca1acc0622d24b1acd3df8efd7795f546f3d1c"
  integrity sha512-I0dbohDkG+Gm750YxlAp9qy6uE3HxWRBQjrvBdswuIscaBVp/espYqMvgVwxVnQnkcIcVdKZZ/gvT8HZwkR9lg==
  dependencies:
    "@babel/runtime" "^7.6.2"
    "@react-aria/utils" "^3.13.2"
    "@react-types/shared" "^3.14.0"

"@react-types/button@^3.5.0", "@react-types/button@^3.6.0":
  version "3.6.0"
  resolved "https://registry.yarnpkg.com/@react-types/button/-/button-3.6.0.tgz#cda33c4ed3a5e9da07c52961c17a0028607f5606"
  integrity sha512-ijCi07TkLmwU3Qtn8IzKJi1nugZj8Ln0+w2OZPRJS/tRFv48qgNsOXum54W5i9W0yg/I7VQiPjm+YsQS51g7gA==
  dependencies:
    "@react-types/shared" "^3.14.0"

"@react-types/checkbox@3.3.0":
  version "3.3.0"
  resolved "https://registry.yarnpkg.com/@react-types/checkbox/-/checkbox-3.3.0.tgz#e2f7e9fc833a037452f0b2747eef18ca8d327fe0"
  integrity sha512-aAlorLrY9mTQ01hBSXP+p5dXVLmhwYwPu+lW8rJSosyaZFtaV6GdNHaYb/NioR5YjiMInableWvIxSuTurrMmA==
  dependencies:
    "@react-types/shared" "^3.13.0"

"@react-types/checkbox@^3.3.0", "@react-types/checkbox@^3.3.2":
  version "3.3.2"
  resolved "https://registry.yarnpkg.com/@react-types/checkbox/-/checkbox-3.3.2.tgz#513442cb2e73a4d8c8ad14021c424612e98e7cd7"
  integrity sha512-s1bgqL4qfEMEasePayukZ6pzpIzfAG1OuVmpARz0kVdVaN7e+B4+dRJ0nDtiQf/TjNLg45ZlG3NTXJ1hsZPelQ==
  dependencies:
    "@react-types/shared" "^3.14.0"

"@react-types/dialog@^3.4.0":
  version "3.4.2"
  resolved "https://registry.yarnpkg.com/@react-types/dialog/-/dialog-3.4.2.tgz#509ac6998b6d7bedd2b8150306054389fee7ce61"
  integrity sha512-ub5KrXuN0VELqIKDKuj+ySalcliIneuVnwnX83XbW+xSs9/zFo5WwALU0YxP77rzwIyuu6ziQ8CUZ7rHhLa0hQ==
  dependencies:
    "@react-types/overlays" "^3.6.2"
    "@react-types/shared" "^3.14.0"

"@react-types/grid@3.1.0":
  version "3.1.0"
  resolved "https://registry.yarnpkg.com/@react-types/grid/-/grid-3.1.0.tgz#f8c60582a8119dfddbaf99ac65725b5645464fad"
  integrity sha512-cQNHz5qHw4GDSWTgu1hUXj7aXly/WmqUMIMnpwfqOt9UYFDH/9cIXvGfwUH+7wSVEdJQrkMYtHp1lpP8INWmew==
  dependencies:
    "@react-types/shared" "^3.13.0"

"@react-types/grid@^3.1.0", "@react-types/grid@^3.1.2":
  version "3.1.2"
  resolved "https://registry.yarnpkg.com/@react-types/grid/-/grid-3.1.2.tgz#dee9c9c07dcd3dbc0f008f95a665b2bd51081c89"
  integrity sha512-9mKhtBZiGlok1APRSR+hTKYFgx8XxRBBLG20/xPI1C8xCGNZvOz7CmK57LmlwYsN1BLo3S2vLOd6+M1qrw2yVg==
  dependencies:
    "@react-types/shared" "^3.14.0"

"@react-types/label@^3.6.0", "@react-types/label@^3.6.2":
  version "3.6.2"
  resolved "https://registry.yarnpkg.com/@react-types/label/-/label-3.6.2.tgz#55726a796c0329e836e887241b9d0fefcdb5ae34"
  integrity sha512-fxivJ3MKYbNhE8z/zPpmvN2R7XNGpaTQ5Rm7/ueIou5VkrZnZmDJv0+wIs9xF8l6Bq6Nx7k899OK0u38XTgwNw==
  dependencies:
    "@react-types/shared" "^3.14.0"

"@react-types/menu@3.6.0":
  version "3.6.0"
  resolved "https://registry.yarnpkg.com/@react-types/menu/-/menu-3.6.0.tgz#ddbdaf2d1f5b846411b1cf0370e39705e656d62f"
  integrity sha512-GO6GjM+WH+8nOC9c1sVBPE9dYC5vKGBCNA3YxleQq9T2unFB0NOZc8hbzbFcAdwn7NnQbV9eLc0XHpUEkL9NLA==
  dependencies:
    "@react-types/overlays" "^3.6.0"
    "@react-types/shared" "^3.13.0"

"@react-types/menu@^3.6.0", "@react-types/menu@^3.7.0":
  version "3.7.0"
  resolved "https://registry.yarnpkg.com/@react-types/menu/-/menu-3.7.0.tgz#632422d6024a36ab7920c1fceb064900d9f5a762"
  integrity sha512-1kEyyb0tERlPdZ67lsC2fMZ2TTh0OdS1hcb01PrSkGna/S+H/Q9M65Xc+q9eu7QoC4+DN4Flh/7vNRT82kVlHg==
  dependencies:
    "@react-types/overlays" "^3.6.2"
    "@react-types/shared" "^3.14.0"

"@react-types/overlays@3.6.0":
  version "3.6.0"
  resolved "https://registry.yarnpkg.com/@react-types/overlays/-/overlays-3.6.0.tgz#2aed36e3cbdf6eab355dec094ea4934b9f559945"
  integrity sha512-atoRgctzNHxWE4qhI2YLI/0Y9bicsib3EnaliV0jUQf2oJMr0S8yKVwwx+K0ENh9Ah00XBEFQxkjgP1q3xQQYw==
  dependencies:
    "@react-types/shared" "^3.13.0"

"@react-types/overlays@^3.6.0", "@react-types/overlays@^3.6.2":
  version "3.6.2"
  resolved "https://registry.yarnpkg.com/@react-types/overlays/-/overlays-3.6.2.tgz#f11f8abe5073ca7a80d3beada018b715af25859c"
  integrity sha512-ag9UCIlcNCvMHBORRksdLnQK3ef+CEbrt+TydOxBAxAf+87fXJ/0H6hP/4QTebEA2ixA0qz8CFga81S8ZGnOsQ==
  dependencies:
    "@react-types/shared" "^3.14.0"

"@react-types/radio@^3.2.0", "@react-types/radio@^3.2.2":
  version "3.2.2"
  resolved "https://registry.yarnpkg.com/@react-types/radio/-/radio-3.2.2.tgz#8375f96150f21bf2490c35ac321a12c1fcc99bcc"
  integrity sha512-JBnfEUu4T6Z+SRsALKnzmx/4AqeIbdHEOumHSlAlX5iLPUywvELn22PVvF+YHh7bOeXKcVv+4/rXnTZWcsAK1g==
  dependencies:
    "@react-types/shared" "^3.14.0"

"@react-types/shared@3.13.0":
  version "3.13.0"
  resolved "https://registry.yarnpkg.com/@react-types/shared/-/shared-3.13.0.tgz#01ef4312886ed8d449065f44168e2bfd3134acb7"
  integrity sha512-ha+Xzn6gG/aww2nl7A6kYSJdYQypTxdYgNrJvddDB7h0QuyVQTf27iVleOWrmkHQ1TM9Q/FUbMdJ93CgdtP26g==

"@react-types/shared@^3.13.0", "@react-types/shared@^3.14.0":
  version "3.14.0"
  resolved "https://registry.yarnpkg.com/@react-types/shared/-/shared-3.14.0.tgz#240991d6672f32ecd2a172111e163be0fe0778f2"
  integrity sha512-K069Bh/P0qV3zUG8kqabeO8beAUlFdyVPvpcNVPjRl+0Q9NDS9mfdQbmUa0LqdVo5e6jRPdos77Ylflkrz8wcw==

"@react-types/switch@^3.2.2":
  version "3.2.2"
  resolved "https://registry.yarnpkg.com/@react-types/switch/-/switch-3.2.2.tgz#a22dfaee731e853f68bb4d6bb06b236c532e21fc"
  integrity sha512-DGJP4+3B6yQ86/WaGL9aLjWyLb9x1lAHW1+cXEl016/J2BdlU83Lw4mRr1qaniGLd+1Ft6cvVv7419voPlf3Ng==
  dependencies:
    "@react-types/checkbox" "^3.3.2"
    "@react-types/shared" "^3.14.0"

"@react-types/table@^3.2.0", "@react-types/table@^3.3.0":
  version "3.3.0"
  resolved "https://registry.yarnpkg.com/@react-types/table/-/table-3.3.0.tgz#fe0e69ae69e8d2a9e6b98d8bd99b14cf76536fdd"
  integrity sha512-spq1h0+RuClbedH26d8SX8bGJUWO3x/MrRuoxN/XThCR+8rayp+QjCz7Pz2a5rqMniRh91O8rOOdqjbWbP4b7g==
  dependencies:
    "@react-types/grid" "^3.1.2"
    "@react-types/shared" "^3.14.0"

"@stitches/react@1.2.8":
  version "1.2.8"
  resolved "https://registry.yarnpkg.com/@stitches/react/-/react-1.2.8.tgz#954f8008be8d9c65c4e58efa0937f32388ce3a38"
  integrity sha512-9g9dWI4gsSVe8bNLlb+lMkBYsnIKCZTmvqvDG+Avnn69XfmHZKiaMrx7cgTaddq7aTPPmXiTsbFcUy0xgI4+wA==

clsx@^1.1.1:
  version "1.2.1"
  resolved "https://registry.yarnpkg.com/clsx/-/clsx-1.2.1.tgz#0ddc4a20a549b59c93a4116bb26f5294ca17dc12"
  integrity sha512-EcR6r5a8bj6pu3ycsa/E/cKVGuTgZJZdsyUYHOksG/UHIiKfjxzRxYJpyVBwYaQeOvghal9fcc4PidlgzugAQg==

csstype@^3.0.2:
  version "3.1.0"
  resolved "https://registry.yarnpkg.com/csstype/-/csstype-3.1.0.tgz#4ddcac3718d787cf9df0d1b7d15033925c8f29f2"
  integrity sha512-uX1KG+x9h5hIJsaKR9xHUeUraxf8IODOwq9JLNPq6BwB04a/xgpq3rcx47l5BZu5zBPlgD342tdke3Hom/nJRA==

dom-helpers@^5.0.1, dom-helpers@^5.2.1:
  version "5.2.1"
  resolved "https://registry.yarnpkg.com/dom-helpers/-/dom-helpers-5.2.1.tgz#d9400536b2bf8225ad98fe052e029451ac40e902"
  integrity sha512-nRCa7CK3VTrM2NmGkIy4cbK7IZlgBE/PYMn55rrXefr5xXDP0LdtfPnblFDoVdcAfslJ7or6iqAUnx0CCGIWQA==
  dependencies:
    "@babel/runtime" "^7.8.7"
    csstype "^3.0.2"

history@^5.2.0:
  version "5.3.0"
  resolved "https://registry.yarnpkg.com/history/-/history-5.3.0.tgz#1548abaa245ba47992f063a0783db91ef201c73b"
  integrity sha512-ZqaKwjjrAYUYfLG+htGaIIZ4nioX2L70ZUMIFysS3xvBsSG4x/n1V6TXV3N8ZYNuFGlDirFg32T7B6WOUPDYcQ==
  dependencies:
    "@babel/runtime" "^7.7.6"

intl-messageformat@^10.1.0:
  version "10.1.1"
  resolved "https://registry.yarnpkg.com/intl-messageformat/-/intl-messageformat-10.1.1.tgz#226767e7921fa86cef2cbe4a13911050716720bc"
  integrity sha512-FeJne2oooYW6shLPbrqyjRX6hTELVrQ90Dn88z7NomLk/xZBCLxLPAkgaYaTQJBRBV78nZ933d8APHHkTQrD9Q==
  dependencies:
    "@formatjs/ecma402-abstract" "1.11.8"
    "@formatjs/fast-memoize" "1.2.4"
    "@formatjs/icu-messageformat-parser" "2.1.4"
    tslib "2.4.0"

"js-tokens@^3.0.0 || ^4.0.0":
  version "4.0.0"
  resolved "https://registry.yarnpkg.com/js-tokens/-/js-tokens-4.0.0.tgz#19203fb59991df98e3a287050d4647cdeaf32499"
  integrity sha512-RdJUflcE3cUzKiMqQgsCu06FPu9UdIJO0beYbPhHN4k6apgJtifcoCtT9bcxOpYBtpD2kCM6Sbzg4CausW/PKQ==

loose-envify@^1.4.0:
  version "1.4.0"
  resolved "https://registry.yarnpkg.com/loose-envify/-/loose-envify-1.4.0.tgz#71ee51fa7be4caec1a63839f7e682d8132d30caf"
  integrity sha512-lyuxPGr/Wfhrlem2CL/UcnUc1zcqKAImBDzukY7Y5F/yQiNdko6+fRLevlw1HgMySw7f611UIY408EtxRSoK3Q==
  dependencies:
    js-tokens "^3.0.0 || ^4.0.0"

object-assign@^4.1.1:
  version "4.1.1"
  resolved "https://registry.yarnpkg.com/object-assign/-/object-assign-4.1.1.tgz#2109adc7965887cfc05cbbd442cac8bfbb360863"
  integrity sha512-rJgTQnkUnH1sFw8yT6VSU3zD3sWmu6sZhIseY8VX+GRu3P6F7Fu+JNDoXfklElbLJSnc3FUQHVe4cU5hj+BcUg==

prop-types@^15.6.2:
  version "15.8.1"
  resolved "https://registry.yarnpkg.com/prop-types/-/prop-types-15.8.1.tgz#67d87bf1a694f48435cf332c24af10214a3140b5"
  integrity sha512-oj87CgZICdulUohogVAR7AjlC0327U4el4L6eAvOqCeudMDVU0NThNaV+b9Df4dXgSP1gXMTnPdhfe/2qDH5cg==
  dependencies:
    loose-envify "^1.4.0"
    object-assign "^4.1.1"
    react-is "^16.13.1"

react-is@^16.13.1:
  version "16.13.1"
  resolved "https://registry.yarnpkg.com/react-is/-/react-is-16.13.1.tgz#789729a4dc36de2999dc156dd6c1d9c18cea56a4"
  integrity sha512-24e6ynE2H+OKt4kqsOvNd8kBpV65zoxbA4BVsEOB3ARVWQki/DHzaUoC5KuON/BiccDaCCTZBuOcfZs70kR8bQ==

react-router-dom@^6.3.0:
  version "6.3.0"
  resolved "https://registry.yarnpkg.com/react-router-dom/-/react-router-dom-6.3.0.tgz#a0216da813454e521905b5fa55e0e5176123f43d"
  integrity sha512-uaJj7LKytRxZNQV8+RbzJWnJ8K2nPsOOEuX7aQstlMZKQT0164C+X2w6bnkqU3sjtLvpd5ojrezAyfZ1+0sStw==
  dependencies:
    history "^5.2.0"
    react-router "6.3.0"

react-router@6.3.0:
  version "6.3.0"
  resolved "https://registry.yarnpkg.com/react-router/-/react-router-6.3.0.tgz#3970cc64b4cb4eae0c1ea5203a80334fdd175557"
  integrity sha512-7Wh1DzVQ+tlFjkeo+ujvjSqSJmkt1+8JO+T5xklPlgrh70y7ogx75ODRW0ThWhY7S+6yEDks8TYrtQe/aoboBQ==
  dependencies:
    history "^5.2.0"

react-transition-group@^4.4.2:
  version "4.4.5"
  resolved "https://registry.yarnpkg.com/react-transition-group/-/react-transition-group-4.4.5.tgz#e53d4e3f3344da8521489fbef8f2581d42becdd1"
  integrity sha512-pZcd1MCJoiKiBR2NRxeCRg13uCXbydPnmB4EOeRrY7480qNWO8IIgQG6zlDkm6uRMsURXPuKq0GWtiM59a5Q6g==
  dependencies:
    "@babel/runtime" "^7.5.5"
    dom-helpers "^5.0.1"
    loose-envify "^1.4.0"
    prop-types "^15.6.2"

regenerator-runtime@^0.13.4:
  version "0.13.9"
  resolved "https://registry.yarnpkg.com/regenerator-runtime/-/regenerator-runtime-0.13.9.tgz#8925742a98ffd90814988d7566ad30ca3b263b52"
  integrity sha512-p3VT+cOEgxFsRRA9X4lkI1E+k2/CtnKtU4gcxyaCUreilL/vqI6CdZ3wxVUx3UOUg+gnUOQQcRI7BmSI656MYA==

tslib@2.4.0:
  version "2.4.0"
  resolved "https://registry.yarnpkg.com/tslib/-/tslib-2.4.0.tgz#7cecaa7f073ce680a05847aa77be941098f36dc3"
  integrity sha512-d6xOpEDfsi2CZVlPQzGeux8XMwLT9hssAsaPYExaQMuYskwb+x1x7J371tWlbBdWHroy99KnVB6qIkUbs5X3UQ==
